# @generated by Move, please check-in and do not edit manually.

[move]
version = 3
manifest_digest = "7B13393EFCDEA3F676A91C0CF272EE4B32FD018DA39833B6CA7F974C61D69656"
deps_digest = "F8BBB0CCB2491CA29A3DF03D6F92277A4F3574266507ACD77214D37ECA3F3082"
dependencies = [
  { id = "One", name = "One" },
]

[[move.package]]
id = "MoveStdlib"
source = { git = "https://github.com/one-chain-labs/onechain.git", rev = "a41ee41c3ce60d583870c9e2633716f9b57cccdb", subdir = "crates/sui-framework/packages/move-stdlib" }

[[move.package]]
id = "One"
source = { git = "https://github.com/one-chain-labs/onechain.git", rev = "a41ee41c3ce60d583870c9e2633716f9b57cccdb", subdir = "crates/sui-framework/packages/one-framework" }

dependencies = [
  { id = "MoveStdlib", name = "MoveStdlib" },
]

[move.toolchain-version]
compiler-version = "1.0.1"
edition = "2024.beta"
flavor = "one"

[env]

[env.devnet]
chain-id = "833db4e1"
original-published-id = "0xcf844f015cb24bc48d1c6835f69e75a9d0ea3ece60514ef8459e3bdca0720a6b"
latest-published-id = "0xcf844f015cb24bc48d1c6835f69e75a9d0ea3ece60514ef8459e3bdca0720a6b"
published-version = "1"

[env.testnet]
chain-id = "1bd5c965"
original-published-id = "0x13b668d0ee99a520987dd7892f0048a7b3b6a834f61e06c99ad191bceb5b6381"
latest-published-id = "0x13b668d0ee99a520987dd7892f0048a7b3b6a834f61e06c99ad191bceb5b6381"
published-version = "1"
